
Microsoft Visual Studio Solution File, Format Version 12.00
# Visual Studio Version 17
VisualStudioVersion = 17.3.32825.248
MinimumVisualStudioVersion = 10.0.40219.1
Project("{9092AA53-FB77-4645-B42D-1CCCA6BD08BD}") = "WebClient", "WebClient.njsproj", "{7D98277C-5976-4863-87AE-20E4A56088A9}"
EndProject
Project("{2150E333-8FDC-42A3-9474-1A3956D46DE8}") = "Frontend", "Frontend", "{A5F77560-E373-46C6-8CFD-017859B5808D}"
EndProject
Global
	GlobalSection(SolutionConfigurationPlatforms) = preSolution
		Debug|Any CPU = Debug|Any CPU
		Release|Any CPU = Release|Any CPU
	EndGlobalSection
	GlobalSection(ProjectConfigurationPlatforms) = postSolution
		{7D98277C-5976-4863-87AE-20E4A56088A9}.Debug|Any CPU.ActiveCfg = Debug|Any CPU
		{7D98277C-5976-4863-87AE-20E4A56088A9}.Debug|Any CPU.Build.0 = Debug|Any CPU
		{7D98277C-5976-4863-87AE-20E4A56088A9}.Release|Any CPU.ActiveCfg = Release|Any CPU
		{7D98277C-5976-4863-87AE-20E4A56088A9}.Release|Any CPU.Build.0 = Release|Any CPU
	EndGlobalSection
	GlobalSection(SolutionProperties) = preSolution
		HideSolutionNode = FALSE
	EndGlobalSection
	GlobalSection(NestedProjects) = preSolution
		{7D98277C-5976-4863-87AE-20E4A56088A9} = {A5F77560-E373-46C6-8CFD-017859B5808D}
	EndGlobalSection
	GlobalSection(ExtensibilityGlobals) = postSolution
		SolutionGuid = {FED73705-A1BA-48F8-9509-BAC748215623}
	EndGlobalSection
EndGlobal
